PODS:
  - AFNetworking (2.6.0):
    - AFNetworking/NSURLConnection (= 2.6.0)
    - AFNetworking/NSURLSession (= 2.6.0)
    - AFNetworking/Reachability (= 2.6.0)
    - AFNetworking/Security (= 2.6.0)
    - AFNetworking/Serialization (= 2.6.0)
    - AFNetworking/UIKit (= 2.6.0)
  - AFNetworking/NSURLConnection (2.6.0):
    - AFNetworking/Reachability
    - AFNetworking/Security
    - AFNetworking/Serialization
  - AFNetworking/NSURLSession (2.6.0):
    - AFNetworking/Reachability
    - AFNetworking/Security
    - AFNetworking/Serialization
  - AFNetworking/Reachability (2.6.0)
  - AFNetworking/Security (2.6.0)
  - AFNetworking/Serialization (2.6.0)
  - AFNetworking/UIKit (2.6.0):
    - AFNetworking/NSURLConnection
    - AFNetworking/NSURLSession
  - Bolts/Tasks (1.2.0)
  - BSKeyboardControls (2.2)
  - DAProgressOverlayView (1.0.2)
  - KLScrollSelect (1.0)
  - Parse (1.8.1):
    - Bolts/Tasks (>= 1.2.0)
  - ParseUI (1.1.5):
    - Bolts/Tasks (~> 1.2)
    - Parse (~> 1.8)

DEPENDENCIES:
  - AFNetworking (~> 2.6.0)
  - BSKeyboardControls (~> 2.2)
  - DAProgressOverlayView (~> 1.0.2)
  - KLScrollSelect (~> 1.0)
  - Parse (~> 1.8.0)
  - ParseUI (~> 1.1.5)

SPEC CHECKSUMS:
  AFNetworking: 79f7eb1a0fcfa7beb409332b2ca49afe9ce53b05
  Bolts: d176cb1e0012175589e389a9db49b85e27787576
  BSKeyboardControls: b701935e789961102e3f20063bba7185800a2d3f
  DAProgressOverlayView: 08bbeaab98a0604fddb77672f100e8389472cec2
  KLScrollSelect: dad23f85ff3090f74d426569670fe0a83d202363
  Parse: 2155953b1565494095d5fa5c83b3c77f2c677c09
  ParseUI: 2c53621ed028ee793f5ab92a551b099689265525

COCOAPODS: 0.37.2
